
Microsoft Visual Studio Solution File, Format Version 12.00
# Visual Studio Version 17
VisualStudioVersion = 17.14.36401.2 d17.14
MinimumVisualStudioVersion = 10.0.40219.1
Project("{FAE04EC0-301F-11D3-BF4B-00C04F79EFBC}") = "ConversorTemp", "ConversorTemp\ConversorTemp.csproj", "{A59D499C-BCA4-458D-BE05-5BC5D2B84F5A}"
EndProject
Global
	GlobalSection(SolutionConfigurationPlatforms) = preSolution
		Debug|Any CPU = Debug|Any CPU
		Release|Any CPU = Release|Any CPU
	EndGlobalSection
	GlobalSection(ProjectConfigurationPlatforms) = postSolution
		{A59D499C-BCA4-458D-BE05-5BC5D2B84F5A}.Debug|Any CPU.ActiveCfg = Debug|Any CPU
		{A59D499C-BCA4-458D-BE05-5BC5D2B84F5A}.Debug|Any CPU.Build.0 = Debug|Any CPU
		{A59D499C-BCA4-458D-BE05-5BC5D2B84F5A}.Release|Any CPU.ActiveCfg = Release|Any CPU
		{A59D499C-BCA4-458D-BE05-5BC5D2B84F5A}.Release|Any CPU.Build.0 = Release|Any CPU
	EndGlobalSection
	GlobalSection(SolutionProperties) = preSolution
		HideSolutionNode = FALSE
	EndGlobalSection
	GlobalSection(ExtensibilityGlobals) = postSolution
		SolutionGuid = {B009CBE7-24F8-415E-AC90-43F834DCF55B}
	EndGlobalSection
EndGlobal
